
Microsoft Visual Studio Solution File, Format Version 12.00
# Visual Studio Version 16
VisualStudioVersion = 16.0.30711.63
MinimumVisualStudioVersion = 10.0.40219.1
Project("{9A19103F-16F7-4668-BE54-9A1E7A4F7556}") = "GitHubRESTApiSDK", "GitHubRESTApiSDK\GitHubRESTApiSDK.csproj", "{BA181C3B-140A-4E3A-A679-D4A159AFBCF8}"
EndProject
Project("{9A19103F-16F7-4668-BE54-9A1E7A4F7556}") = "GitHubRESTApiConsoleApp", "GitHubRESTApiConsoleApp\GitHubRESTApiConsoleApp.csproj", "{42E58A3F-6BA3-41CF-BAA4-37F5B168651D}"
EndProject
Global
	GlobalSection(SolutionConfigurationPlatforms) = preSolution
		Debug|Any CPU = Debug|Any CPU
		Release|Any CPU = Release|Any CPU
	EndGlobalSection
	GlobalSection(ProjectConfigurationPlatforms) = postSolution
		{BA181C3B-140A-4E3A-A679-D4A159AFBCF8}.Debug|Any CPU.ActiveCfg = Debug|Any CPU
		{BA181C3B-140A-4E3A-A679-D4A159AFBCF8}.Debug|Any CPU.Build.0 = Debug|Any CPU
		{BA181C3B-140A-4E3A-A679-D4A159AFBCF8}.Release|Any CPU.ActiveCfg = Release|Any CPU
		{BA181C3B-140A-4E3A-A679-D4A159AFBCF8}.Release|Any CPU.Build.0 = Release|Any CPU
		{42E58A3F-6BA3-41CF-BAA4-37F5B168651D}.Debug|Any CPU.ActiveCfg = Debug|Any CPU
		{42E58A3F-6BA3-41CF-BAA4-37F5B168651D}.Debug|Any CPU.Build.0 = Debug|Any CPU
		{42E58A3F-6BA3-41CF-BAA4-37F5B168651D}.Release|Any CPU.ActiveCfg = Release|Any CPU
		{42E58A3F-6BA3-41CF-BAA4-37F5B168651D}.Release|Any CPU.Build.0 = Release|Any CPU
	EndGlobalSection
	GlobalSection(SolutionProperties) = preSolution
		HideSolutionNode = FALSE
	EndGlobalSection
	GlobalSection(ExtensibilityGlobals) = postSolution
		SolutionGuid = {3F0B9D91-37C0-440D-ADAF-D6578B905E29}
	EndGlobalSection
EndGlobal
